// !$*UTF8*$!
{
	archiveVersion = 1;
	classes = {
	};
	objectVersion = 50;
	objects = {

/* Begin PBXBuildFile section */
		D91333F8242A053300FD879D /* AppDelegate.swift in Sources */ = {isa = PBXBuildFile; fileRef = D91333F7242A053300FD879D /* AppDelegate.swift */; };
		D91333FA242A053300FD879D /* SceneDelegate.swift in Sources */ = {isa = PBXBuildFile; fileRef = D91333F9242A053300FD879D /* SceneDelegate.swift */; };
		D91333FF242A053300FD879D /* Main.storyboard in Resources */ = {isa = PBXBuildFile; fileRef = D91333FD242A053300FD879D /* Main.storyboard */; };
		D9133401242A053300FD879D /* Assets.xcassets in Resources */ = {isa = PBXBuildFile; fileRef = D9133400242A053300FD879D /* Assets.xcassets */; };
		D9133404242A053300FD879D /* LaunchScreen.storyboard in Resources */ = {isa = PBXBuildFile; fileRef = D9133402242A053300FD879D /* LaunchScreen.storyboard */; };
		D913341E242A053300FD879D /* UIViewController+Extension.swift in Sources */ = {isa = PBXBuildFile; fileRef = D913340C242A053300FD879D /* UIViewController+Extension.swift */; };
		D913341F242A053300FD879D /* OperationCell.swift in Sources */ = {isa = PBXBuildFile; fileRef = D913340F242A053300FD879D /* OperationCell.swift */; };
		D9133420242A053300FD879D /* OperationCell.xib in Resources */ = {isa = PBXBuildFile; fileRef = D9133410242A053300FD879D /* OperationCell.xib */; };
		D9133421242A053300FD879D /* Operation.swift in Sources */ = {isa = PBXBuildFile; fileRef = D9133412242A053300FD879D /* Operation.swift */; };
		D9133422242A053300FD879D /* Localizable.strings in Resources */ = {isa = PBXBuildFile; fileRef = D9133414242A053300FD879D /* Localizable.strings */; };
		D9133423242A053300FD879D /* Constants.swift in Sources */ = {isa = PBXBuildFile; fileRef = D9133417242A053300FD879D /* Constants.swift */; };
		D9133424242A053300FD879D /* JSOperationManager.swift in Sources */ = {isa = PBXBuildFile; fileRef = D9133419242A053300FD879D /* JSOperationManager.swift */; };
		D9133425242A053300FD879D /* NetworkManager.swift in Sources */ = {isa = PBXBuildFile; fileRef = D913341A242A053300FD879D /* NetworkManager.swift */; };
		D9133426242A053300FD879D /* JSScriptMessageHandler.swift in Sources */ = {isa = PBXBuildFile; fileRef = D913341B242A053300FD879D /* JSScriptMessageHandler.swift */; };
		D9133427242A053300FD879D /* OperationsViewController.swift in Sources */ = {isa = PBXBuildFile; fileRef = D913341D242A053300FD879D /* OperationsViewController.swift */; };
/* End PBXBuildFile section */

/* Begin PBXFileReference section */
		D91333F4242A053300FD879D /* JSOperationTracker.app */ = {isa = PBXFileReference; explicitFileType = wrapper.application; includeInIndex = 0; path = JSOperationTracker.app; sourceTree = BUILT_PRODUCTS_DIR; };
		D91333F7242A053300FD879D /* AppDelegate.swift */ = {isa = PBXFileReference; lastKnownFileType = sourcecode.swift; path = AppDelegate.swift; sourceTree = "<group>"; };
		D91333F9242A053300FD879D /* SceneDelegate.swift */ = {isa = PBXFileReference; lastKnownFileType = sourcecode.swift; path = SceneDelegate.swift; sourceTree = "<group>"; };
		D91333FE242A053300FD879D /* Base */ = {isa = PBXFileReference; lastKnownFileType = file.storyboard; name = Base; path = Base.lproj/Main.storyboard; sourceTree = "<group>"; };
		D9133400242A053300FD879D /* Assets.xcassets */ = {isa = PBXFileReference; lastKnownFileType = folder.assetcatalog; path = Assets.xcassets; sourceTree = "<group>"; };
		D9133403242A053300FD879D /* Base */ = {isa = PBXFileReference; lastKnownFileType = file.storyboard; name = Base; path = Base.lproj/LaunchScreen.storyboard; sourceTree = "<group>"; };
		D9133405242A053300FD879D /* Info.plist */ = {isa = PBXFileReference; lastKnownFileType = text.plist.xml; path = Info.plist; sourceTree = "<group>"; };
		D913340C242A053300FD879D /* UIViewController+Extension.swift */ = {isa = PBXFileReference; fileEncoding = 4; lastKnownFileType = sourcecode.swift; path = "UIViewController+Extension.swift"; sourceTree = "<group>"; };
		D913340F242A053300FD879D /* OperationCell.swift */ = {isa = PBXFileReference; fileEncoding = 4; lastKnownFileType = sourcecode.swift; path = OperationCell.swift; sourceTree = "<group>"; };
		D9133410242A053300FD879D /* OperationCell.xib */ = {isa = PBXFileReference; fileEncoding = 4; lastKnownFileType = file.xib; path = OperationCell.xib; sourceTree = "<group>"; };
		D9133412242A053300FD879D /* Operation.swift */ = {isa = PBXFileReference; fileEncoding = 4; lastKnownFileType = sourcecode.swift; path = Operation.swift; sourceTree = "<group>"; };
		D9133415242A053300FD879D /* en */ = {isa = PBXFileReference; lastKnownFileType = text.plist.strings; name = en; path = en.lproj/Localizable.strings; sourceTree = "<group>"; };
		D9133417242A053300FD879D /* Constants.swift */ = {isa = PBXFileReference; fileEncoding = 4; lastKnownFileType = sourcecode.swift; path = Constants.swift; sourceTree = "<group>"; };
		D9133419242A053300FD879D /* JSOperationManager.swift */ = {isa = PBXFileReference; fileEncoding = 4; lastKnownFileType = sourcecode.swift; path = JSOperationManager.swift; sourceTree = "<group>"; };
		D913341A242A053300FD879D /* NetworkManager.swift */ = {isa = PBXFileReference; fileEncoding = 4; lastKnownFileType = sourcecode.swift; path = NetworkManager.swift; sourceTree = "<group>"; };
		D913341B242A053300FD879D /* JSScriptMessageHandler.swift */ = {isa = PBXFileReference; fileEncoding = 4; lastKnownFileType = sourcecode.swift; path = JSScriptMessageHandler.swift; sourceTree = "<group>"; };
		D913341D242A053300FD879D /* OperationsViewController.swift */ = {isa = PBXFileReference; fileEncoding = 4; lastKnownFileType = sourcecode.swift; path = OperationsViewController.swift; sourceTree = "<group>"; };
/* End PBXFileReference section */

/* Begin PBXFrameworksBuildPhase section */
		D91333F1242A053300FD879D /* Frameworks */ = {
			isa = PBXFrameworksBuildPhase;
			buildActionMask = 2147483647;
			files = (
			);
			runOnlyForDeploymentPostprocessing = 0;
		};
/* End PBXFrameworksBuildPhase section */

/* Begin PBXGroup section */
		D91333EB242A053300FD879D = {
			isa = PBXGroup;
			children = (
				D91333F6242A053300FD879D /* JSOperationTracker */,
				D91333F5242A053300FD879D /* Products */,
			);
			sourceTree = "<group>";
		};
		D91333F5242A053300FD879D /* Products */ = {
			isa = PBXGroup;
			children = (
				D91333F4242A053300FD879D /* JSOperationTracker.app */,
			);
			name = Products;
			sourceTree = "<group>";
		};
		D91333F6242A053300FD879D /* JSOperationTracker */ = {
			isa = PBXGroup;
			children = (
				D91333F7242A053300FD879D /* AppDelegate.swift */,
				D91333F9242A053300FD879D /* SceneDelegate.swift */,
				D913340B242A053300FD879D /* Extensions */,
				D9133418242A053300FD879D /* Helpers */,
				D9133413242A053300FD879D /* Localization */,
				D9133411242A053300FD879D /* Models */,
				D9133416242A053300FD879D /* Utils */,
				D913341C242A053300FD879D /* ViewControllers */,
				D913340D242A053300FD879D /* Views */,
				D91333FD242A053300FD879D /* Main.storyboard */,
				D9133400242A053300FD879D /* Assets.xcassets */,
				D9133402242A053300FD879D /* LaunchScreen.storyboard */,
				D9133405242A053300FD879D /* Info.plist */,
			);
			path = JSOperationTracker;
			sourceTree = "<group>";
		};
		D913340B242A053300FD879D /* Extensions */ = {
			isa = PBXGroup;
			children = (
				D913340C242A053300FD879D /* UIViewController+Extension.swift */,
			);
			path = Extensions;
			sourceTree = "<group>";
		};
		D913340D242A053300FD879D /* Views */ = {
			isa = PBXGroup;
			children = (
				D913340E242A053300FD879D /* Cells */,
			);
			path = Views;
			sourceTree = "<group>";
		};
		D913340E242A053300FD879D /* Cells */ = {
			isa = PBXGroup;
			children = (
				D913340F242A053300FD879D /* OperationCell.swift */,
				D9133410242A053300FD879D /* OperationCell.xib */,
			);
			path = Cells;
			sourceTree = "<group>";
		};
		D9133411242A053300FD879D /* Models */ = {
			isa = PBXGroup;
			children = (
				D9133412242A053300FD879D /* Operation.swift */,
			);
			path = Models;
			sourceTree = "<group>";
		};
		D9133413242A053300FD879D /* Localization */ = {
			isa = PBXGroup;
			children = (
				D9133414242A053300FD879D /* Localizable.strings */,
			);
			path = Localization;
			sourceTree = "<group>";
		};
		D9133416242A053300FD879D /* Utils */ = {
			isa = PBXGroup;
			children = (
				D9133417242A053300FD879D /* Constants.swift */,
			);
			path = Utils;
			sourceTree = "<group>";
		};
		D9133418242A053300FD879D /* Helpers */ = {
			isa = PBXGroup;
			children = (
				D9133419242A053300FD879D /* JSOperationManager.swift */,
				D913341A242A053300FD879D /* NetworkManager.swift */,
				D913341B242A053300FD879D /* JSScriptMessageHandler.swift */,
			);
			path = Helpers;
			sourceTree = "<group>";
		};
		D913341C242A053300FD879D /* ViewControllers */ = {
			isa = PBXGroup;
			children = (
				D913341D242A053300FD879D /* OperationsViewController.swift */,
			);
			path = ViewControllers;
			sourceTree = "<group>";
		};
/* End PBXGroup section */

/* Begin PBXNativeTarget section */
		D91333F3242A053300FD879D /* JSOperationTracker */ = {
			isa = PBXNativeTarget;
			buildConfigurationList = D9133408242A053300FD879D /* Build configuration list for PBXNativeTarget "JSOperationTracker" */;
			buildPhases = (
				D91333F0242A053300FD879D /* Sources */,
				D91333F1242A053300FD879D /* Frameworks */,
				D91333F2242A053300FD879D /* Resources */,
			);
			buildRules = (
			);
			dependencies = (
			);
			name = JSOperationTracker;
			productName = JSOperationTracker;
			productReference = D91333F4242A053300FD879D /* JSOperationTracker.app */;
			productType = "com.apple.product-type.application";
		};
/* End PBXNativeTarget section */

/* Begin PBXProject section */
		D91333EC242A053300FD879D /* Project object */ = {
			isa = PBXProject;
			attributes = {
				LastSwiftUpdateCheck = 1130;
				LastUpgradeCheck = 1130;
				ORGANIZATIONNAME = developer;
				TargetAttributes = {
					D91333F3242A053300FD879D = {
						CreatedOnToolsVersion = 11.3;
					};
				};
			};
			buildConfigurationList = D91333EF242A053300FD879D /* Build configuration list for PBXProject "JSOperationTracker" */;
			compatibilityVersion = "Xcode 9.3";
			developmentRegion = en;
			hasScannedForEncodings = 0;
			knownRegions = (
				en,
				Base,
			);
			mainGroup = D91333EB242A053300FD879D;
			productRefGroup = D91333F5242A053300FD879D /* Products */;
			projectDirPath = "";
			projectRoot = "";
			targets = (
				D91333F3242A053300FD879D /* JSOperationTracker */,
			);
		};
/* End PBXProject section */

/* Begin PBXResourcesBuildPhase section */
		D91333F2242A053300FD879D /* Resources */ = {
			isa = PBXResourcesBuildPhase;
			buildActionMask = 2147483647;
			files = (
				D9133422242A053300FD879D /* Localizable.strings in Resources */,
				D9133404242A053300FD879D /* LaunchScreen.storyboard in Resources */,
				D9133401242A053300FD879D /* Assets.xcassets in Resources */,
				D91333FF242A053300FD879D /* Main.storyboard in Resources */,
				D9133420242A053300FD879D /* OperationCell.xib in Resources */,
			);
			runOnlyForDeploymentPostprocessing = 0;
		};
/* End PBXResourcesBuildPhase section */

/* Begin PBXSourcesBuildPhase section */
		D91333F0242A053300FD879D /* Sources */ = {
			isa = PBXSourcesBuildPhase;
			buildActionMask = 2147483647;
			files = (
				D9133425242A053300FD879D /* NetworkManager.swift in Sources */,
				D913341F242A053300FD879D /* OperationCell.swift in Sources */,
				D9133426242A053300FD879D /* JSScriptMessageHandler.swift in Sources */,
				D913341E242A053300FD879D /* UIViewController+Extension.swift in Sources */,
				D9133427242A053300FD879D /* OperationsViewController.swift in Sources */,
				D91333F8242A053300FD879D /* AppDelegate.swift in Sources */,
				D9133424242A053300FD879D /* JSOperationManager.swift in Sources */,
				D9133423242A053300FD879D /* Constants.swift in Sources */,
				D91333FA242A053300FD879D /* SceneDelegate.swift in Sources */,
				D9133421242A053300FD879D /* Operation.swift in Sources */,
			);
			runOnlyForDeploymentPostprocessing = 0;
		};
/* End PBXSourcesBuildPhase section */

/* Begin PBXVariantGroup section */
		D91333FD242A053300FD879D /* Main.storyboard */ = {
			isa = PBXVariantGroup;
			children = (
				D91333FE242A053300FD879D /* Base */,
			);
			name = Main.storyboard;
			sourceTree = "<group>";
		};
		D9133402242A053300FD879D /* LaunchScreen.storyboard */ = {
			isa = PBXVariantGroup;
			children = (
				D9133403242A053300FD879D /* Base */,
			);
			name = LaunchScreen.storyboard;
			sourceTree = "<group>";
		};
		D9133414242A053300FD879D /* Localizable.strings */ = {
			isa = PBXVariantGroup;
			children = (
				D9133415242A053300FD879D /* en */,
			);
			name = Localizable.strings;
			sourceTree = "<group>";
		};
/* End PBXVariantGroup section */

/* Begin XCBuildConfiguration section */
		D9133406242A053300FD879D /* Debug */ = {
			isa = XCBuildConfiguration;
			buildSettings = {
				ALWAYS_SEARCH_USER_PATHS = NO;
				CLANG_ANALYZER_NONNULL = YES;
				CLANG_ANALYZER_NUMBER_OBJECT_CONVERSION = YES_AGGRESSIVE;
				CLANG_CXX_LANGUAGE_STANDARD = "gnu++14";
				CLANG_CXX_LIBRARY = "libc++";
				CLANG_ENABLE_MODULES = YES;
				CLANG_ENABLE_OBJC_ARC = YES;
				CLANG_ENABLE_OBJC_WEAK = YES;
				CLANG_WARN_BLOCK_CAPTURE_AUTORELEASING = YES;
				CLANG_WARN_BOOL_CONVERSION = YES;
				CLANG_WARN_COMMA = YES;
				CLANG_WARN_CONSTANT_CONVERSION = YES;
				CLANG_WARN_DEPRECATED_OBJC_IMPLEMENTATIONS = YES;
				CLANG_WARN_DIRECT_OBJC_ISA_USAGE = YES_ERROR;
				CLANG_WARN_DOCUMENTATION_COMMENTS = YES;
				CLANG_WARN_EMPTY_BODY = YES;
				CLANG_WARN_ENUM_CONVERSION = YES;
				CLANG_WARN_INFINITE_RECURSION = YES;
				CLANG_WARN_INT_CONVERSION = YES;
				CLANG_WARN_NON_LITERAL_NULL_CONVERSION = YES;
				CLANG_WARN_OBJC_IMPLICIT_RETAIN_SELF = YES;
				CLANG_WARN_OBJC_LITERAL_CONVERSION = YES;
				CLANG_WARN_OBJC_ROOT_CLASS = YES_ERROR;
				CLANG_WARN_RANGE_LOOP_ANALYSIS = YES;
				CLANG_WARN_STRICT_PROTOTYPES = YES;
				CLANG_WARN_SUSPICIOUS_MOVE = YES;
				CLANG_WARN_UNGUARDED_AVAILABILITY = YES_AGGRESSIVE;
				CLANG_WARN_UNREACHABLE_CODE = YES;
				CLANG_WARN__DUPLICATE_METHOD_MATCH = YES;
				COPY_PHASE_STRIP = NO;
				DEBUG_INFORMATION_FORMAT = dwarf;
				ENABLE_STRICT_OBJC_MSGSEND = YES;
				ENABLE_TESTABILITY = YES;
				GCC_C_LANGUAGE_STANDARD = gnu11;
				GCC_DYNAMIC_NO_PIC = NO;
				GCC_NO_COMMON_BLOCKS = YES;
				GCC_OPTIMIZATION_LEVEL = 0;
				GCC_PREPROCESSOR_DEFINITIONS = (
					"DEBUG=1",
					"$(inherited)",
				);
				GCC_WARN_64_TO_32_BIT_CONVERSION = YES;
				GCC_WARN_ABOUT_RETURN_TYPE = YES_ERROR;
				GCC_WARN_UNDECLARED_SELECTOR = YES;
				GCC_WARN_UNINITIALIZED_AUTOS = YES_AGGRESSIVE;
				GCC_WARN_UNUSED_FUNCTION = YES;
				GCC_WARN_UNUSED_VARIABLE = YES;
				IPHONEOS_DEPLOYMENT_TARGET = 13.0;
				MTL_ENABLE_DEBUG_INFO = INCLUDE_SOURCE;
				MTL_FAST_MATH = YES;
				ONLY_ACTIVE_ARCH = YES;
				SDKROOT = iphoneos;
				SWIFT_ACTIVE_COMPILATION_CONDITIONS = DEBUG;
				SWIFT_OPTIMIZATION_LEVEL = "-Onone";
			};
			name = Debug;
		};
		D9133407242A053300FD879D /* Release */ = {
			isa = XCBuildConfiguration;
			buildSettings = {
				ALWAYS_SEARCH_USER_PATHS = NO;
				CLANG_ANALYZER_NONNULL = YES;
				CLANG_ANALYZER_NUMBER_OBJECT_CONVERSION = YES_AGGRESSIVE;
				CLANG_CXX_LANGUAGE_STANDARD = "gnu++14";
				CLANG_CXX_LIBRARY = "libc++";
				CLANG_ENABLE_MODULES = YES;
				CLANG_ENABLE_OBJC_ARC = YES;
				CLANG_ENABLE_OBJC_WEAK = YES;
				CLANG_WARN_BLOCK_CAPTURE_AUTORELEASING = YES;
				CLANG_WARN_BOOL_CONVERSION = YES;
				CLANG_WARN_COMMA = YES;
				CLANG_WARN_CONSTANT_CONVERSION = YES;
				CLANG_WARN_DEPRECATED_OBJC_IMPLEMENTATIONS = YES;
				CLANG_WARN_DIRECT_OBJC_ISA_USAGE = YES_ERROR;
				CLANG_WARN_DOCUMENTATION_COMMENTS = YES;
				CLANG_WARN_EMPTY_BODY = YES;
				CLANG_WARN_ENUM_CONVERSION = YES;
				CLANG_WARN_INFINITE_RECURSION = YES;
				CLANG_WARN_INT_CONVERSION = YES;
				CLANG_WARN_NON_LITERAL_NULL_CONVERSION = YES;
				CLANG_WARN_OBJC_IMPLICIT_RETAIN_SELF = YES;
				CLANG_WARN_OBJC_LITERAL_CONVERSION = YES;
				CLANG_WARN_OBJC_ROOT_CLASS = YES_ERROR;
				CLANG_WARN_RANGE_LOOP_ANALYSIS = YES;
				CLANG_WARN_STRICT_PROTOTYPES = YES;
				CLANG_WARN_SUSPICIOUS_MOVE = YES;
				CLANG_WARN_UNGUARDED_AVAILABILITY = YES_AGGRESSIVE;
				CLANG_WARN_UNREACHABLE_CODE = YES;
				CLANG_WARN__DUPLICATE_METHOD_MATCH = YES;
				COPY_PHASE_STRIP = NO;
				DEBUG_INFORMATION_FORMAT = "dwarf-with-dsym";
				ENABLE_NS_ASSERTIONS = NO;
				ENABLE_STRICT_OBJC_MSGSEND = YES;
				GCC_C_LANGUAGE_STANDARD = gnu11;
				GCC_NO_COMMON_BLOCKS = YES;
				GCC_WARN_64_TO_32_BIT_CONVERSION = YES;
				GCC_WARN_ABOUT_RETURN_TYPE = YES_ERROR;
				GCC_WARN_UNDECLARED_SELECTOR = YES;
				GCC_WARN_UNINITIALIZED_AUTOS = YES_AGGRESSIVE;
				GCC_WARN_UNUSED_FUNCTION = YES;
				GCC_WARN_UNUSED_VARIABLE = YES;
				IPHONEOS_DEPLOYMENT_TARGET = 13.0;
				MTL_ENABLE_DEBUG_INFO = NO;
				MTL_FAST_MATH = YES;
				SDKROOT = iphoneos;
				SWIFT_COMPILATION_MODE = wholemodule;
				SWIFT_OPTIMIZATION_LEVEL = "-O";
				VALIDATE_PRODUCT = YES;
			};
			name = Release;
		};
		D9133409242A053300FD879D /* Debug */ = {
			isa = XCBuildConfiguration;
			buildSettings = {
				ASSETCATALOG_COMPILER_APPICON_NAME = AppIcon;
				CODE_SIGN_STYLE = Automatic;
				INFOPLIST_FILE = JSOperationTracker/Info.plist;
				LD_RUNPATH_SEARCH_PATHS = (
					"$(inherited)",
					"@executable_path/Frameworks",
				);
				PRODUCT_BUNDLE_IDENTIFIER = com.jsoperationtracker.app.JSOperationTracker;
				PRODUCT_NAME = "$(TARGET_NAME)";
				SWIFT_VERSION = 5.0;
				TARGETED_DEVICE_FAMILY = 1;
			};
			name = Debug;
		};
		D913340A242A053300FD879D /* Release */ = {
			isa = XCBuildConfiguration;
			buildSettings = {
				ASSETCATALOG_COMPILER_APPICON_NAME = AppIcon;
				CODE_SIGN_STYLE = Automatic;
				INFOPLIST_FILE = JSOperationTracker/Info.plist;
				LD_RUNPATH_SEARCH_PATHS = (
					"$(inherited)",
					"@executable_path/Frameworks",
				);
				PRODUCT_BUNDLE_IDENTIFIER = com.jsoperationtracker.app.JSOperationTracker;
				PRODUCT_NAME = "$(TARGET_NAME)";
				SWIFT_VERSION = 5.0;
				TARGETED_DEVICE_FAMILY = 1;
			};
			name = Release;
		};
/* End XCBuildConfiguration section */

/* Begin XCConfigurationList section */
		D91333EF242A053300FD879D /* Build configuration list for PBXProject "JSOperationTracker" */ = {
			isa = XCConfigurationList;
			buildConfigurations = (
				D9133406242A053300FD879D /* Debug */,
				D9133407242A053300FD879D /* Release */,
			);
			defaultConfigurationIsVisible = 0;
			defaultConfigurationName = Release;
		};
		D9133408242A053300FD879D /* Build configuration list for PBXNativeTarget "JSOperationTracker" */ = {
			isa = XCConfigurationList;
			buildConfigurations = (
				D9133409242A053300FD879D /* Debug */,
				D913340A242A053300FD879D /* Release */,
			);
			defaultConfigurationIsVisible = 0;
			defaultConfigurationName = Release;
		};
/* End XCConfigurationList section */
	};
	rootObject = D91333EC242A053300FD879D /* Project object */;
}
